
Microsoft Visual Studio Solution File, Format Version 12.00
# Visual Studio 15
VisualStudioVersion = 15.0.28010.2016
MinimumVisualStudioVersion = 10.0.40219.1
Project("{FAE04EC0-301F-11D3-BF4B-00C04F79EFBC}") = "BlockChainServer", "BlockChainServer\BlockChainServer.csproj", "{300D29A5-A474-41FA-87B2-C17731BACDBA}"
EndProject
Project("{FAE04EC0-301F-11D3-BF4B-00C04F79EFBC}") = "BlockChain", "BlockChain\BlockChain.csproj", "{B5F29E8D-8572-42E8-9C69-291BA6D6551F}"
EndProject
Project("{FAE04EC0-301F-11D3-BF4B-00C04F79EFBC}") = "BlockChainDataBase", "BlockChainDataBase\BlockChainDataBase.csproj", "{B444A9FB-2AF4-4352-A50D-C6111E0579DF}"
EndProject
Global
	GlobalSection(SolutionConfigurationPlatforms) = preSolution
		Debug|Any CPU = Debug|Any CPU
		Release|Any CPU = Release|Any CPU
	EndGlobalSection
	GlobalSection(ProjectConfigurationPlatforms) = postSolution
		{300D29A5-A474-41FA-87B2-C17731BACDBA}.Debug|Any CPU.ActiveCfg = Debug|Any CPU
		{300D29A5-A474-41FA-87B2-C17731BACDBA}.Debug|Any CPU.Build.0 = Debug|Any CPU
		{300D29A5-A474-41FA-87B2-C17731BACDBA}.Release|Any CPU.ActiveCfg = Release|Any CPU
		{300D29A5-A474-41FA-87B2-C17731BACDBA}.Release|Any CPU.Build.0 = Release|Any CPU
		{B5F29E8D-8572-42E8-9C69-291BA6D6551F}.Debug|Any CPU.ActiveCfg = Debug|Any CPU
		{B5F29E8D-8572-42E8-9C69-291BA6D6551F}.Debug|Any CPU.Build.0 = Debug|Any CPU
		{B5F29E8D-8572-42E8-9C69-291BA6D6551F}.Release|Any CPU.ActiveCfg = Release|Any CPU
		{B5F29E8D-8572-42E8-9C69-291BA6D6551F}.Release|Any CPU.Build.0 = Release|Any CPU
		{B444A9FB-2AF4-4352-A50D-C6111E0579DF}.Debug|Any CPU.ActiveCfg = Debug|Any CPU
		{B444A9FB-2AF4-4352-A50D-C6111E0579DF}.Debug|Any CPU.Build.0 = Debug|Any CPU
		{B444A9FB-2AF4-4352-A50D-C6111E0579DF}.Release|Any CPU.ActiveCfg = Release|Any CPU
		{B444A9FB-2AF4-4352-A50D-C6111E0579DF}.Release|Any CPU.Build.0 = Release|Any CPU
	EndGlobalSection
	GlobalSection(SolutionProperties) = preSolution
		HideSolutionNode = FALSE
	EndGlobalSection
	GlobalSection(ExtensibilityGlobals) = postSolution
		SolutionGuid = {8D85F038-1410-41C1-9F04-CE52F4E6A122}
	EndGlobalSection
EndGlobal
